
Microsoft Visual Studio Solution File, Format Version 12.00
# Visual Studio Version 16
VisualStudioVersion = 16.0.33529.622
MinimumVisualStudioVersion = 10.0.40219.1
Project("{9A19103F-16F7-4668-BE54-9A1E7A4F7556}") = "libdelaycalctests", "libdelaycalctests\libdelaycalctests.csproj", "{2F96D79B-34FC-4B76-80C2-A930459C74F0}"
EndProject
Project("{9A19103F-16F7-4668-BE54-9A1E7A4F7556}") = "testutils", "..\..\testutils\testutils\testutils.csproj", "{78303499-BEEA-478E-BC15-89AF1BAE9199}"
EndProject
Project("{FAE04EC0-301F-11D3-BF4B-00C04F79EFBC}") = "DelayTimeCalculatorWinFormsUI", "DelayTimeCalculatorWinFormsUI\DelayTimeCalculatorWinFormsUI.csproj", "{B7F456F7-52E5-4AF4-BF74-751CBEA4B1D2}"
EndProject
Project("{FAE04EC0-301F-11D3-BF4B-00C04F79EFBC}") = "libframeworkcore", "core\libframeworkcore\libframeworkcore.csproj", "{B52C2476-6937-48F9-8D03-8F7482F8C951}"
EndProject
Project("{FAE04EC0-301F-11D3-BF4B-00C04F79EFBC}") = "libmusicaltime", "libmusicaltime\libmusicaltime.csproj", "{EEA7E66A-43F2-4B2E-8DBE-170CCE25CBA1}"
EndProject
Project("{FAE04EC0-301F-11D3-BF4B-00C04F79EFBC}") = "musicaltimeconsole", "musicaltimeconsole\musicaltimeconsole.csproj", "{A885865F-8E7F-433B-9A63-E35EBE68194C}"
EndProject
Global
	GlobalSection(SolutionConfigurationPlatforms) = preSolution
		Debug|Any CPU = Debug|Any CPU
		Release|Any CPU = Release|Any CPU
	EndGlobalSection
	GlobalSection(ProjectConfigurationPlatforms) = postSolution
		{2F96D79B-34FC-4B76-80C2-A930459C74F0}.Debug|Any CPU.ActiveCfg = Debug|Any CPU
		{2F96D79B-34FC-4B76-80C2-A930459C74F0}.Debug|Any CPU.Build.0 = Debug|Any CPU
		{2F96D79B-34FC-4B76-80C2-A930459C74F0}.Release|Any CPU.ActiveCfg = Release|Any CPU
		{2F96D79B-34FC-4B76-80C2-A930459C74F0}.Release|Any CPU.Build.0 = Release|Any CPU
		{78303499-BEEA-478E-BC15-89AF1BAE9199}.Debug|Any CPU.ActiveCfg = Debug|Any CPU
		{78303499-BEEA-478E-BC15-89AF1BAE9199}.Debug|Any CPU.Build.0 = Debug|Any CPU
		{78303499-BEEA-478E-BC15-89AF1BAE9199}.Release|Any CPU.ActiveCfg = Release|Any CPU
		{78303499-BEEA-478E-BC15-89AF1BAE9199}.Release|Any CPU.Build.0 = Release|Any CPU
		{B7F456F7-52E5-4AF4-BF74-751CBEA4B1D2}.Debug|Any CPU.ActiveCfg = Debug|Any CPU
		{B7F456F7-52E5-4AF4-BF74-751CBEA4B1D2}.Debug|Any CPU.Build.0 = Debug|Any CPU
		{B7F456F7-52E5-4AF4-BF74-751CBEA4B1D2}.Release|Any CPU.ActiveCfg = Release|Any CPU
		{B7F456F7-52E5-4AF4-BF74-751CBEA4B1D2}.Release|Any CPU.Build.0 = Release|Any CPU
		{B52C2476-6937-48F9-8D03-8F7482F8C951}.Debug|Any CPU.ActiveCfg = Debug|Any CPU
		{B52C2476-6937-48F9-8D03-8F7482F8C951}.Debug|Any CPU.Build.0 = Debug|Any CPU
		{B52C2476-6937-48F9-8D03-8F7482F8C951}.Release|Any CPU.ActiveCfg = Release|Any CPU
		{B52C2476-6937-48F9-8D03-8F7482F8C951}.Release|Any CPU.Build.0 = Release|Any CPU
		{EEA7E66A-43F2-4B2E-8DBE-170CCE25CBA1}.Debug|Any CPU.ActiveCfg = Debug|Any CPU
		{EEA7E66A-43F2-4B2E-8DBE-170CCE25CBA1}.Debug|Any CPU.Build.0 = Debug|Any CPU
		{EEA7E66A-43F2-4B2E-8DBE-170CCE25CBA1}.Release|Any CPU.ActiveCfg = Release|Any CPU
		{EEA7E66A-43F2-4B2E-8DBE-170CCE25CBA1}.Release|Any CPU.Build.0 = Release|Any CPU
		{A885865F-8E7F-433B-9A63-E35EBE68194C}.Debug|Any CPU.ActiveCfg = Debug|Any CPU
		{A885865F-8E7F-433B-9A63-E35EBE68194C}.Debug|Any CPU.Build.0 = Debug|Any CPU
		{A885865F-8E7F-433B-9A63-E35EBE68194C}.Release|Any CPU.ActiveCfg = Release|Any CPU
		{A885865F-8E7F-433B-9A63-E35EBE68194C}.Release|Any CPU.Build.0 = Release|Any CPU
	EndGlobalSection
	GlobalSection(SolutionProperties) = preSolution
		HideSolutionNode = FALSE
	EndGlobalSection
	GlobalSection(ExtensibilityGlobals) = postSolution
		SolutionGuid = {4EF5DBB0-7B68-40EE-9984-DC9DDB011839}
	EndGlobalSection
EndGlobal
